// !$*UTF8*$!
{
	archiveVersion = 1;
	classes = {
	};
	objectVersion = 52;
	objects = {

/* Begin PBXBuildFile section */
		C61033262686E12A009E9594 /* Alamofire in Frameworks */ = {isa = PBXBuildFile; productRef = C61033252686E12A009E9594 /* Alamofire */; };
		C661F6D726A6EACD00A687C8 /* LocationService.swift in Sources */ = {isa = PBXBuildFile; fileRef = C65FA1172686235B0085BD05 /* LocationService.swift */; };
		C661F6D826A6EAF400A687C8 /* Location.swift in Sources */ = {isa = PBXBuildFile; fileRef = C65FA119268624C00085BD05 /* Location.swift */; };
		C661F6D926A6EF1000A687C8 /* LocationViewModel.swift in Sources */ = {isa = PBXBuildFile; fileRef = C65FA11B26862DB20085BD05 /* LocationViewModel.swift */; };
		C661F6DF26A7096000A687C8 /* Cloudy.scn in Resources */ = {isa = PBXBuildFile; fileRef = C661F6DE26A7096000A687C8 /* Cloudy.scn */; };
		C661F6E126A7116100A687C8 /* prototype.usdz in Resources */ = {isa = PBXBuildFile; fileRef = C661F6E026A7116100A687C8 /* prototype.usdz */; };
		C661F6E326A712F800A687C8 /* prototype.obj in Resources */ = {isa = PBXBuildFile; fileRef = C661F6E226A712F800A687C8 /* prototype.obj */; };
		C661F6E526A71B4A00A687C8 /* SceneManager.swift in Sources */ = {isa = PBXBuildFile; fileRef = C661F6E426A71B4A00A687C8 /* SceneManager.swift */; };
		C68F4E152674F305001E0A7F /* ClearBackground.swift in Sources */ = {isa = PBXBuildFile; fileRef = C68F4E142674F305001E0A7F /* ClearBackground.swift */; };
		C6BD4FA226734388003C7B51 /* Weather_SwiftUIApp.swift in Sources */ = {isa = PBXBuildFile; fileRef = C6BD4FA126734388003C7B51 /* Weather_SwiftUIApp.swift */; };
		C6BD4FA426734388003C7B51 /* WeatherView.swift in Sources */ = {isa = PBXBuildFile; fileRef = C6BD4FA326734388003C7B51 /* WeatherView.swift */; };
		C6BD4FA6267343A0003C7B51 /* Assets.xcassets in Resources */ = {isa = PBXBuildFile; fileRef = C6BD4FA5267343A0003C7B51 /* Assets.xcassets */; };
		C6BD4FA9267343A0003C7B51 /* Preview Assets.xcassets in Resources */ = {isa = PBXBuildFile; fileRef = C6BD4FA8267343A0003C7B51 /* Preview Assets.xcassets */; };
		C6BD4FB126734427003C7B51 /* WeatherService.swift in Sources */ = {isa = PBXBuildFile; fileRef = C6BD4FB026734427003C7B51 /* WeatherService.swift */; };
		C6BD4FB326734880003C7B51 /* Weather.swift in Sources */ = {isa = PBXBuildFile; fileRef = C6BD4FB226734880003C7B51 /* Weather.swift */; };
		C6BD4FB526736FCF003C7B51 /* WeatherViewModel.swift in Sources */ = {isa = PBXBuildFile; fileRef = C6BD4FB426736FCF003C7B51 /* WeatherViewModel.swift */; };
		C6D06D6926A72B0E00BA21F6 /* WeatherScene.scn in Resources */ = {isa = PBXBuildFile; fileRef = C6D06D6826A72B0E00BA21F6 /* WeatherScene.scn */; };
/* End PBXBuildFile section */

/* Begin PBXFileReference section */
		C65FA1172686235B0085BD05 /* LocationService.swift */ = {isa = PBXFileReference; lastKnownFileType = sourcecode.swift; path = LocationService.swift; sourceTree = "<group>"; };
		C65FA119268624C00085BD05 /* Location.swift */ = {isa = PBXFileReference; lastKnownFileType = sourcecode.swift; path = Location.swift; sourceTree = "<group>"; };
		C65FA11B26862DB20085BD05 /* LocationViewModel.swift */ = {isa = PBXFileReference; lastKnownFileType = sourcecode.swift; path = LocationViewModel.swift; sourceTree = "<group>"; };
		C661F6DE26A7096000A687C8 /* Cloudy.scn */ = {isa = PBXFileReference; lastKnownFileType = file.bplist; path = Cloudy.scn; sourceTree = "<group>"; };
		C661F6E026A7116100A687C8 /* prototype.usdz */ = {isa = PBXFileReference; lastKnownFileType = file.usdz; path = prototype.usdz; sourceTree = "<group>"; };
		C661F6E226A712F800A687C8 /* prototype.obj */ = {isa = PBXFileReference; fileEncoding = 4; lastKnownFileType = text; path = prototype.obj; sourceTree = "<group>"; };
		C661F6E426A71B4A00A687C8 /* SceneManager.swift */ = {isa = PBXFileReference; lastKnownFileType = sourcecode.swift; path = SceneManager.swift; sourceTree = "<group>"; };
		C68F4E142674F305001E0A7F /* ClearBackground.swift */ = {isa = PBXFileReference; lastKnownFileType = sourcecode.swift; path = ClearBackground.swift; sourceTree = "<group>"; };
		C6BD4F9E26734387003C7B51 /* Weather_SwiftUI.app */ = {isa = PBXFileReference; explicitFileType = wrapper.application; includeInIndex = 0; path = Weather_SwiftUI.app; sourceTree = BUILT_PRODUCTS_DIR; };
		C6BD4FA126734388003C7B51 /* Weather_SwiftUIApp.swift */ = {isa = PBXFileReference; lastKnownFileType = sourcecode.swift; path = Weather_SwiftUIApp.swift; sourceTree = "<group>"; };
		C6BD4FA326734388003C7B51 /* WeatherView.swift */ = {isa = PBXFileReference; lastKnownFileType = sourcecode.swift; path = WeatherView.swift; sourceTree = "<group>"; };
		C6BD4FA5267343A0003C7B51 /* Assets.xcassets */ = {isa = PBXFileReference; lastKnownFileType = folder.assetcatalog; path = Assets.xcassets; sourceTree = "<group>"; };
		C6BD4FA8267343A0003C7B51 /* Preview Assets.xcassets */ = {isa = PBXFileReference; lastKnownFileType = folder.assetcatalog; path = "Preview Assets.xcassets"; sourceTree = "<group>"; };
		C6BD4FAA267343A0003C7B51 /* Info.plist */ = {isa = PBXFileReference; lastKnownFileType = text.plist.xml; path = Info.plist; sourceTree = "<group>"; };
		C6BD4FB026734427003C7B51 /* WeatherService.swift */ = {isa = PBXFileReference; lastKnownFileType = sourcecode.swift; path = WeatherService.swift; sourceTree = "<group>"; };
		C6BD4FB226734880003C7B51 /* Weather.swift */ = {isa = PBXFileReference; lastKnownFileType = sourcecode.swift; path = Weather.swift; sourceTree = "<group>"; };
		C6BD4FB426736FCF003C7B51 /* WeatherViewModel.swift */ = {isa = PBXFileReference; lastKnownFileType = sourcecode.swift; path = WeatherViewModel.swift; sourceTree = "<group>"; };
		C6D06D6826A72B0E00BA21F6 /* WeatherScene.scn */ = {isa = PBXFileReference; lastKnownFileType = file.bplist; path = WeatherScene.scn; sourceTree = "<group>"; };
/* End PBXFileReference section */

/* Begin PBXFrameworksBuildPhase section */
		C6BD4F9B26734387003C7B51 /* Frameworks */ = {
			isa = PBXFrameworksBuildPhase;
			buildActionMask = 2147483647;
			files = (
				C61033262686E12A009E9594 /* Alamofire in Frameworks */,
			);
			runOnlyForDeploymentPostprocessing = 0;
		};
/* End PBXFrameworksBuildPhase section */

/* Begin PBXGroup section */
		C6BD4F9526734387003C7B51 = {
			isa = PBXGroup;
			children = (
				C6BD4FA026734387003C7B51 /* Weather_SwiftUI */,
				C6BD4F9F26734387003C7B51 /* Products */,
			);
			sourceTree = "<group>";
		};
		C6BD4F9F26734387003C7B51 /* Products */ = {
			isa = PBXGroup;
			children = (
				C6BD4F9E26734387003C7B51 /* Weather_SwiftUI.app */,
			);
			name = Products;
			sourceTree = "<group>";
		};
		C6BD4FA026734387003C7B51 /* Weather_SwiftUI */ = {
			isa = PBXGroup;
			children = (
				C6BD4FA126734388003C7B51 /* Weather_SwiftUIApp.swift */,
				C6D06D6826A72B0E00BA21F6 /* WeatherScene.scn */,
				C6BD4FA326734388003C7B51 /* WeatherView.swift */,
				C661F6E426A71B4A00A687C8 /* SceneManager.swift */,
				C661F6E226A712F800A687C8 /* prototype.obj */,
				C6BD4FB426736FCF003C7B51 /* WeatherViewModel.swift */,
				C661F6DE26A7096000A687C8 /* Cloudy.scn */,
				C65FA11B26862DB20085BD05 /* LocationViewModel.swift */,
				C68F4E142674F305001E0A7F /* ClearBackground.swift */,
				C6BD4FB026734427003C7B51 /* WeatherService.swift */,
				C65FA1172686235B0085BD05 /* LocationService.swift */,
				C6BD4FA5267343A0003C7B51 /* Assets.xcassets */,
				C661F6E026A7116100A687C8 /* prototype.usdz */,
				C6BD4FAA267343A0003C7B51 /* Info.plist */,
				C6BD4FB226734880003C7B51 /* Weather.swift */,
				C65FA119268624C00085BD05 /* Location.swift */,
				C6BD4FA7267343A0003C7B51 /* Preview Content */,
			);
			path = Weather_SwiftUI;
			sourceTree = "<group>";
		};
		C6BD4FA7267343A0003C7B51 /* Preview Content */ = {
			isa = PBXGroup;
			children = (
				C6BD4FA8267343A0003C7B51 /* Preview Assets.xcassets */,
			);
			path = "Preview Content";
			sourceTree = "<group>";
		};
/* End PBXGroup section */

/* Begin PBXNativeTarget section */
		C6BD4F9D26734387003C7B51 /* Weather_SwiftUI */ = {
			isa = PBXNativeTarget;
			buildConfigurationList = C6BD4FAD267343A0003C7B51 /* Build configuration list for PBXNativeTarget "Weather_SwiftUI" */;
			buildPhases = (
				C6BD4F9A26734387003C7B51 /* Sources */,
				C6BD4F9B26734387003C7B51 /* Frameworks */,
				C6BD4F9C26734387003C7B51 /* Resources */,
			);
			buildRules = (
			);
			dependencies = (
			);
			name = Weather_SwiftUI;
			packageProductDependencies = (
				C61033252686E12A009E9594 /* Alamofire */,
			);
			productName = Weather_SwiftUI;
			productReference = C6BD4F9E26734387003C7B51 /* Weather_SwiftUI.app */;
			productType = "com.apple.product-type.application";
		};
/* End PBXNativeTarget section */

/* Begin PBXProject section */
		C6BD4F9626734387003C7B51 /* Project object */ = {
			isa = PBXProject;
			attributes = {
				LastSwiftUpdateCheck = 1250;
				LastUpgradeCheck = 1250;
				TargetAttributes = {
					C6BD4F9D26734387003C7B51 = {
						CreatedOnToolsVersion = 12.5;
					};
				};
			};
			buildConfigurationList = C6BD4F9926734387003C7B51 /* Build configuration list for PBXProject "Weather_SwiftUI" */;
			compatibilityVersion = "Xcode 9.3";
			developmentRegion = en;
			hasScannedForEncodings = 0;
			knownRegions = (
				en,
				Base,
			);
			mainGroup = C6BD4F9526734387003C7B51;
			packageReferences = (
				C61033242686E12A009E9594 /* XCRemoteSwiftPackageReference "Alamofire" */,
			);
			productRefGroup = C6BD4F9F26734387003C7B51 /* Products */;
			projectDirPath = "";
			projectRoot = "";
			targets = (
				C6BD4F9D26734387003C7B51 /* Weather_SwiftUI */,
			);
		};
/* End PBXProject section */

/* Begin PBXResourcesBuildPhase section */
		C6BD4F9C26734387003C7B51 /* Resources */ = {
			isa = PBXResourcesBuildPhase;
			buildActionMask = 2147483647;
			files = (
				C6BD4FA9267343A0003C7B51 /* Preview Assets.xcassets in Resources */,
				C661F6DF26A7096000A687C8 /* Cloudy.scn in Resources */,
				C661F6E326A712F800A687C8 /* prototype.obj in Resources */,
				C661F6E126A7116100A687C8 /* prototype.usdz in Resources */,
				C6D06D6926A72B0E00BA21F6 /* WeatherScene.scn in Resources */,
				C6BD4FA6267343A0003C7B51 /* Assets.xcassets in Resources */,
			);
			runOnlyForDeploymentPostprocessing = 0;
		};
/* End PBXResourcesBuildPhase section */

/* Begin PBXSourcesBuildPhase section */
		C6BD4F9A26734387003C7B51 /* Sources */ = {
			isa = PBXSourcesBuildPhase;
			buildActionMask = 2147483647;
			files = (
				C661F6D726A6EACD00A687C8 /* LocationService.swift in Sources */,
				C6BD4FB526736FCF003C7B51 /* WeatherViewModel.swift in Sources */,
				C661F6E526A71B4A00A687C8 /* SceneManager.swift in Sources */,
				C661F6D826A6EAF400A687C8 /* Location.swift in Sources */,
				C6BD4FB326734880003C7B51 /* Weather.swift in Sources */,
				C6BD4FA426734388003C7B51 /* WeatherView.swift in Sources */,
				C6BD4FB126734427003C7B51 /* WeatherService.swift in Sources */,
				C6BD4FA226734388003C7B51 /* Weather_SwiftUIApp.swift in Sources */,
				C661F6D926A6EF1000A687C8 /* LocationViewModel.swift in Sources */,
				C68F4E152674F305001E0A7F /* ClearBackground.swift in Sources */,
			);
			runOnlyForDeploymentPostprocessing = 0;
		};
/* End PBXSourcesBuildPhase section */

/* Begin XCBuildConfiguration section */
		C6BD4FAB267343A0003C7B51 /* Debug */ = {
			isa = XCBuildConfiguration;
			buildSettings = {
				ALWAYS_SEARCH_USER_PATHS = NO;
				CLANG_ANALYZER_NONNULL = YES;
				CLANG_ANALYZER_NUMBER_OBJECT_CONVERSION = YES_AGGRESSIVE;
				CLANG_CXX_LANGUAGE_STANDARD = "gnu++14";
				CLANG_CXX_LIBRARY = "libc++";
				CLANG_ENABLE_MODULES = YES;
				CLANG_ENABLE_OBJC_ARC = YES;
				CLANG_ENABLE_OBJC_WEAK = YES;
				CLANG_WARN_BLOCK_CAPTURE_AUTORELEASING = YES;
				CLANG_WARN_BOOL_CONVERSION = YES;
				CLANG_WARN_COMMA = YES;
				CLANG_WARN_CONSTANT_CONVERSION = YES;
				CLANG_WARN_DEPRECATED_OBJC_IMPLEMENTATIONS = YES;
				CLANG_WARN_DIRECT_OBJC_ISA_USAGE = YES_ERROR;
				CLANG_WARN_DOCUMENTATION_COMMENTS = YES;
				CLANG_WARN_EMPTY_BODY = YES;
				CLANG_WARN_ENUM_CONVERSION = YES;
				CLANG_WARN_INFINITE_RECURSION = YES;
				CLANG_WARN_INT_CONVERSION = YES;
				CLANG_WARN_NON_LITERAL_NULL_CONVERSION = YES;
				CLANG_WARN_OBJC_IMPLICIT_RETAIN_SELF = YES;
				CLANG_WARN_OBJC_LITERAL_CONVERSION = YES;
				CLANG_WARN_OBJC_ROOT_CLASS = YES_ERROR;
				CLANG_WARN_QUOTED_INCLUDE_IN_FRAMEWORK_HEADER = YES;
				CLANG_WARN_RANGE_LOOP_ANALYSIS = YES;
				CLANG_WARN_STRICT_PROTOTYPES = YES;
				CLANG_WARN_SUSPICIOUS_MOVE = YES;
				CLANG_WARN_UNGUARDED_AVAILABILITY = YES_AGGRESSIVE;
				CLANG_WARN_UNREACHABLE_CODE = YES;
				CLANG_WARN__DUPLICATE_METHOD_MATCH = YES;
				COPY_PHASE_STRIP = NO;
				DEBUG_INFORMATION_FORMAT = dwarf;
				ENABLE_STRICT_OBJC_MSGSEND = YES;
				ENABLE_TESTABILITY = YES;
				GCC_C_LANGUAGE_STANDARD = gnu11;
				GCC_DYNAMIC_NO_PIC = NO;
				GCC_NO_COMMON_BLOCKS = YES;
				GCC_OPTIMIZATION_LEVEL = 0;
				GCC_PREPROCESSOR_DEFINITIONS = (
					"DEBUG=1",
					"$(inherited)",
				);
				GCC_WARN_64_TO_32_BIT_CONVERSION = YES;
				GCC_WARN_ABOUT_RETURN_TYPE = YES_ERROR;
				GCC_WARN_UNDECLARED_SELECTOR = YES;
				GCC_WARN_UNINITIALIZED_AUTOS = YES_AGGRESSIVE;
				GCC_WARN_UNUSED_FUNCTION = YES;
				GCC_WARN_UNUSED_VARIABLE = YES;
				IPHONEOS_DEPLOYMENT_TARGET = 14.5;
				MTL_ENABLE_DEBUG_INFO = INCLUDE_SOURCE;
				MTL_FAST_MATH = YES;
				ONLY_ACTIVE_ARCH = YES;
				SDKROOT = iphoneos;
				SWIFT_ACTIVE_COMPILATION_CONDITIONS = DEBUG;
				SWIFT_OPTIMIZATION_LEVEL = "-Onone";
			};
			name = Debug;
		};
		C6BD4FAC267343A0003C7B51 /* Release */ = {
			isa = XCBuildConfiguration;
			buildSettings = {
				ALWAYS_SEARCH_USER_PATHS = NO;
				CLANG_ANALYZER_NONNULL = YES;
				CLANG_ANALYZER_NUMBER_OBJECT_CONVERSION = YES_AGGRESSIVE;
				CLANG_CXX_LANGUAGE_STANDARD = "gnu++14";
				CLANG_CXX_LIBRARY = "libc++";
				CLANG_ENABLE_MODULES = YES;
				CLANG_ENABLE_OBJC_ARC = YES;
				CLANG_ENABLE_OBJC_WEAK = YES;
				CLANG_WARN_BLOCK_CAPTURE_AUTORELEASING = YES;
				CLANG_WARN_BOOL_CONVERSION = YES;
				CLANG_WARN_COMMA = YES;
				CLANG_WARN_CONSTANT_CONVERSION = YES;
				CLANG_WARN_DEPRECATED_OBJC_IMPLEMENTATIONS = YES;
				CLANG_WARN_DIRECT_OBJC_ISA_USAGE = YES_ERROR;
				CLANG_WARN_DOCUMENTATION_COMMENTS = YES;
				CLANG_WARN_EMPTY_BODY = YES;
				CLANG_WARN_ENUM_CONVERSION = YES;
				CLANG_WARN_INFINITE_RECURSION = YES;
				CLANG_WARN_INT_CONVERSION = YES;
				CLANG_WARN_NON_LITERAL_NULL_CONVERSION = YES;
				CLANG_WARN_OBJC_IMPLICIT_RETAIN_SELF = YES;
				CLANG_WARN_OBJC_LITERAL_CONVERSION = YES;
				CLANG_WARN_OBJC_ROOT_CLASS = YES_ERROR;
				CLANG_WARN_QUOTED_INCLUDE_IN_FRAMEWORK_HEADER = YES;
				CLANG_WARN_RANGE_LOOP_ANALYSIS = YES;
				CLANG_WARN_STRICT_PROTOTYPES = YES;
				CLANG_WARN_SUSPICIOUS_MOVE = YES;
				CLANG_WARN_UNGUARDED_AVAILABILITY = YES_AGGRESSIVE;
				CLANG_WARN_UNREACHABLE_CODE = YES;
				CLANG_WARN__DUPLICATE_METHOD_MATCH = YES;
				COPY_PHASE_STRIP = NO;
				DEBUG_INFORMATION_FORMAT = "dwarf-with-dsym";
				ENABLE_NS_ASSERTIONS = NO;
				ENABLE_STRICT_OBJC_MSGSEND = YES;
				GCC_C_LANGUAGE_STANDARD = gnu11;
				GCC_NO_COMMON_BLOCKS = YES;
				GCC_WARN_64_TO_32_BIT_CONVERSION = YES;
				GCC_WARN_ABOUT_RETURN_TYPE = YES_ERROR;
				GCC_WARN_UNDECLARED_SELECTOR = YES;
				GCC_WARN_UNINITIALIZED_AUTOS = YES_AGGRESSIVE;
				GCC_WARN_UNUSED_FUNCTION = YES;
				GCC_WARN_UNUSED_VARIABLE = YES;
				IPHONEOS_DEPLOYMENT_TARGET = 14.5;
				MTL_ENABLE_DEBUG_INFO = NO;
				MTL_FAST_MATH = YES;
				SDKROOT = iphoneos;
				SWIFT_COMPILATION_MODE = wholemodule;
				SWIFT_OPTIMIZATION_LEVEL = "-O";
				VALIDATE_PRODUCT = YES;
			};
			name = Release;
		};
		C6BD4FAE267343A0003C7B51 /* Debug */ = {
			isa = XCBuildConfiguration;
			buildSettings = {
				ASSETCATALOG_COMPILER_APPICON_NAME = AppIcon;
				ASSETCATALOG_COMPILER_GLOBAL_ACCENT_COLOR_NAME = AccentColor;
				CODE_SIGN_STYLE = Automatic;
				DEVELOPMENT_ASSET_PATHS = "\"Weather_SwiftUI/Preview Content\"";
				DEVELOPMENT_TEAM = 2V4PX8GFFW;
				ENABLE_PREVIEWS = YES;
				INFOPLIST_FILE = Weather_SwiftUI/Info.plist;
				IPHONEOS_DEPLOYMENT_TARGET = 14.0;
				LD_RUNPATH_SEARCH_PATHS = (
					"$(inherited)",
					"@executable_path/Frameworks",
				);
				PRODUCT_BUNDLE_IDENTIFIER = "leemyeonji.Weather-SwiftUI";
				PRODUCT_NAME = "$(TARGET_NAME)";
				SWIFT_VERSION = 5.0;
				TARGETED_DEVICE_FAMILY = "1,2";
			};
			name = Debug;
		};
		C6BD4FAF267343A0003C7B51 /* Release */ = {
			isa = XCBuildConfiguration;
			buildSettings = {
				ASSETCATALOG_COMPILER_APPICON_NAME = AppIcon;
				ASSETCATALOG_COMPILER_GLOBAL_ACCENT_COLOR_NAME = AccentColor;
				CODE_SIGN_STYLE = Automatic;
				DEVELOPMENT_ASSET_PATHS = "\"Weather_SwiftUI/Preview Content\"";
				DEVELOPMENT_TEAM = 2V4PX8GFFW;
				ENABLE_PREVIEWS = YES;
				INFOPLIST_FILE = Weather_SwiftUI/Info.plist;
				IPHONEOS_DEPLOYMENT_TARGET = 14.0;
				LD_RUNPATH_SEARCH_PATHS = (
					"$(inherited)",
					"@executable_path/Frameworks",
				);
				PRODUCT_BUNDLE_IDENTIFIER = "leemyeonji.Weather-SwiftUI";
				PRODUCT_NAME = "$(TARGET_NAME)";
				SWIFT_VERSION = 5.0;
				TARGETED_DEVICE_FAMILY = "1,2";
			};
			name = Release;
		};
/* End XCBuildConfiguration section */

/* Begin XCConfigurationList section */
		C6BD4F9926734387003C7B51 /* Build configuration list for PBXProject "Weather_SwiftUI" */ = {
			isa = XCConfigurationList;
			buildConfigurations = (
				C6BD4FAB267343A0003C7B51 /* Debug */,
				C6BD4FAC267343A0003C7B51 /* Release */,
			);
			defaultConfigurationIsVisible = 0;
			defaultConfigurationName = Release;
		};
		C6BD4FAD267343A0003C7B51 /* Build configuration list for PBXNativeTarget "Weather_SwiftUI" */ = {
			isa = XCConfigurationList;
			buildConfigurations = (
				C6BD4FAE267343A0003C7B51 /* Debug */,
				C6BD4FAF267343A0003C7B51 /* Release */,
			);
			defaultConfigurationIsVisible = 0;
			defaultConfigurationName = Release;
		};
/* End XCConfigurationList section */

/* Begin XCRemoteSwiftPackageReference section */
		C61033242686E12A009E9594 /* XCRemoteSwiftPackageReference "Alamofire" */ = {
			isa = XCRemoteSwiftPackageReference;
			repositoryURL = "https://github.com/Alamofire/Alamofire.git";
			requirement = {
				kind = upToNextMajorVersion;
				minimumVersion = 5.4.3;
			};
		};
/* End XCRemoteSwiftPackageReference section */

/* Begin XCSwiftPackageProductDependency section */
		C61033252686E12A009E9594 /* Alamofire */ = {
			isa = XCSwiftPackageProductDependency;
			package = C61033242686E12A009E9594 /* XCRemoteSwiftPackageReference "Alamofire" */;
			productName = Alamofire;
		};
/* End XCSwiftPackageProductDependency section */
	};
	rootObject = C6BD4F9626734387003C7B51 /* Project object */;
}
